// !$*UTF8*$!
{
	archiveVersion = 1;
	classes = {
	};
	objectVersion = 48;
	objects = {

/* Begin PBXBuildFile section */
		35D81FD4FD4D0E61FEE8363E /* Pods_XevoUITests.framework in Frameworks */ = {isa = PBXBuildFile; fileRef = 47D929EE7A235F2B75F26E54 /* Pods_XevoUITests.framework */; };
		4937B85A204DF35600642607 /* GoogleService-Info.plist in Resources */ = {isa = PBXBuildFile; fileRef = 4937B859204DF35500642607 /* GoogleService-Info.plist */; };
		4937B85B204DF35600642607 /* GoogleService-Info.plist in Resources */ = {isa = PBXBuildFile; fileRef = 4937B859204DF35500642607 /* GoogleService-Info.plist */; };
		4937B85C204DF35600642607 /* GoogleService-Info.plist in Resources */ = {isa = PBXBuildFile; fileRef = 4937B859204DF35500642607 /* GoogleService-Info.plist */; };
		BEC95D1D9ADF6DEB4CB5C7AB /* Pods_Xevo.framework in Frameworks */ = {isa = PBXBuildFile; fileRef = EFDFCF8DDBD9283569B0A12C /* Pods_Xevo.framework */; };
		F79B0D678F8FA0FA265BCD8D /* Pods_XevoTests.framework in Frameworks */ = {isa = PBXBuildFile; fileRef = E83F13B891CB64919B426DE0 /* Pods_XevoTests.framework */; };
		FF0CA38E202D43AC00E68078 /* AppDelegate.swift in Sources */ = {isa = PBXBuildFile; fileRef = FF0CA38D202D43AC00E68078 /* AppDelegate.swift */; };
		FF0CA390202D43AC00E68078 /* MasterViewController.swift in Sources */ = {isa = PBXBuildFile; fileRef = FF0CA38F202D43AC00E68078 /* MasterViewController.swift */; };
		FF0CA392202D43AC00E68078 /* DetailViewController.swift in Sources */ = {isa = PBXBuildFile; fileRef = FF0CA391202D43AC00E68078 /* DetailViewController.swift */; };
		FF0CA395202D43AC00E68078 /* Main.storyboard in Resources */ = {isa = PBXBuildFile; fileRef = FF0CA393202D43AC00E68078 /* Main.storyboard */; };
		FF0CA397202D43AC00E68078 /* Assets.xcassets in Resources */ = {isa = PBXBuildFile; fileRef = FF0CA396202D43AC00E68078 /* Assets.xcassets */; };
		FF0CA39A202D43AC00E68078 /* LaunchScreen.storyboard in Resources */ = {isa = PBXBuildFile; fileRef = FF0CA398202D43AC00E68078 /* LaunchScreen.storyboard */; };
		FF0CA3A5202D43AC00E68078 /* XevoTests.swift in Sources */ = {isa = PBXBuildFile; fileRef = FF0CA3A4202D43AC00E68078 /* XevoTests.swift */; };
		FF0CA3B0202D43AC00E68078 /* XevoUITests.swift in Sources */ = {isa = PBXBuildFile; fileRef = FF0CA3AF202D43AC00E68078 /* XevoUITests.swift */; };
		FF0CA3BE202D47F300E68078 /* Storyboard.storyboard in Resources */ = {isa = PBXBuildFile; fileRef = FF0CA3BD202D47F300E68078 /* Storyboard.storyboard */; };
		FF0CA3C1202D4BA500E68078 /* Xevo 'X'.png in Resources */ = {isa = PBXBuildFile; fileRef = FF0CA3C0202D4BA500E68078 /* Xevo 'X'.png */; };
		FF0CA3C3202E336800E68078 /* facebook_icon_1429814747.png in Resources */ = {isa = PBXBuildFile; fileRef = FF0CA3C2202E336800E68078 /* facebook_icon_1429814747.png */; };
		FF0CA3C8202E384F00E68078 /* FBSDKCoreKit.framework in Frameworks */ = {isa = PBXBuildFile; fileRef = FF0CA3C7202E384F00E68078 /* FBSDKCoreKit.framework */; };
		FF0CA3CA202E385A00E68078 /* FBSDKLoginKit.framework in Frameworks */ = {isa = PBXBuildFile; fileRef = FF0CA3C9202E385A00E68078 /* FBSDKLoginKit.framework */; };
		FF0CA3CC202E39C200E68078 /* Default-568h@2x.png in Resources */ = {isa = PBXBuildFile; fileRef = FF0CA3CB202E39C200E68078 /* Default-568h@2x.png */; };
/* End PBXBuildFile section */

/* Begin PBXContainerItemProxy section */
		FF0CA3A1202D43AC00E68078 /* PBXContainerItemProxy */ = {
			isa = PBXContainerItemProxy;
			containerPortal = FF0CA382202D43AC00E68078 /* Project object */;
			proxyType = 1;
			remoteGlobalIDString = FF0CA389202D43AC00E68078;
			remoteInfo = Xevo;
		};
		FF0CA3AC202D43AC00E68078 /* PBXContainerItemProxy */ = {
			isa = PBXContainerItemProxy;
			containerPortal = FF0CA382202D43AC00E68078 /* Project object */;
			proxyType = 1;
			remoteGlobalIDString = FF0CA389202D43AC00E68078;
			remoteInfo = Xevo;
		};
/* End PBXContainerItemProxy section */

/* Begin PBXFileReference section */
		046C45488F13E724FBEEAD49 /* Pods-Xevo.release.xcconfig */ = {isa = PBXFileReference; includeInIndex = 1; lastKnownFileType = text.xcconfig; name = "Pods-Xevo.release.xcconfig"; path = "Pods/Target Support Files/Pods-Xevo/Pods-Xevo.release.xcconfig"; sourceTree = "<group>"; };
		1C7616B6BB0C9911819FD3AE /* Pods-Xevo.debug.xcconfig */ = {isa = PBXFileReference; includeInIndex = 1; lastKnownFileType = text.xcconfig; name = "Pods-Xevo.debug.xcconfig"; path = "Pods/Target Support Files/Pods-Xevo/Pods-Xevo.debug.xcconfig"; sourceTree = "<group>"; };
		47D929EE7A235F2B75F26E54 /* Pods_XevoUITests.framework */ = {isa = PBXFileReference; explicitFileType = wrapper.framework; includeInIndex = 0; path = Pods_XevoUITests.framework; sourceTree = BUILT_PRODUCTS_DIR; };
		4937B859204DF35500642607 /* GoogleService-Info.plist */ = {isa = PBXFileReference; fileEncoding = 4; lastKnownFileType = text.plist.xml; path = "GoogleService-Info.plist"; sourceTree = "<group>"; };
		6AB7EF36C7EE8FFEB0692A85 /* Pods-XevoUITests.debug.xcconfig */ = {isa = PBXFileReference; includeInIndex = 1; lastKnownFileType = text.xcconfig; name = "Pods-XevoUITests.debug.xcconfig"; path = "Pods/Target Support Files/Pods-XevoUITests/Pods-XevoUITests.debug.xcconfig"; sourceTree = "<group>"; };
		6DEE37FF1E9DC47F80CCDF5D /* Pods-XevoTests.release.xcconfig */ = {isa = PBXFileReference; includeInIndex = 1; lastKnownFileType = text.xcconfig; name = "Pods-XevoTests.release.xcconfig"; path = "Pods/Target Support Files/Pods-XevoTests/Pods-XevoTests.release.xcconfig"; sourceTree = "<group>"; };
		71E953C4BABE2ED8EAF5CFE3 /* Pods-XevoTests.debug.xcconfig */ = {isa = PBXFileReference; includeInIndex = 1; lastKnownFileType = text.xcconfig; name = "Pods-XevoTests.debug.xcconfig"; path = "Pods/Target Support Files/Pods-XevoTests/Pods-XevoTests.debug.xcconfig"; sourceTree = "<group>"; };
		C341369C7732F7D47C6E7605 /* Pods-XevoUITests.release.xcconfig */ = {isa = PBXFileReference; includeInIndex = 1; lastKnownFileType = text.xcconfig; name = "Pods-XevoUITests.release.xcconfig"; path = "Pods/Target Support Files/Pods-XevoUITests/Pods-XevoUITests.release.xcconfig"; sourceTree = "<group>"; };
		E83F13B891CB64919B426DE0 /* Pods_XevoTests.framework */ = {isa = PBXFileReference; explicitFileType = wrapper.framework; includeInIndex = 0; path = Pods_XevoTests.framework; sourceTree = BUILT_PRODUCTS_DIR; };
		EFDFCF8DDBD9283569B0A12C /* Pods_Xevo.framework */ = {isa = PBXFileReference; explicitFileType = wrapper.framework; includeInIndex = 0; path = Pods_Xevo.framework; sourceTree = BUILT_PRODUCTS_DIR; };
		FF0CA38A202D43AC00E68078 /* Xevo.app */ = {isa = PBXFileReference; explicitFileType = wrapper.application; includeInIndex = 0; path = Xevo.app; sourceTree = BUILT_PRODUCTS_DIR; };
		FF0CA38D202D43AC00E68078 /* AppDelegate.swift */ = {isa = PBXFileReference; lastKnownFileType = sourcecode.swift; path = AppDelegate.swift; sourceTree = "<group>"; };
		FF0CA38F202D43AC00E68078 /* MasterViewController.swift */ = {isa = PBXFileReference; lastKnownFileType = sourcecode.swift; path = MasterViewController.swift; sourceTree = "<group>"; };
		FF0CA391202D43AC00E68078 /* DetailViewController.swift */ = {isa = PBXFileReference; lastKnownFileType = sourcecode.swift; path = DetailViewController.swift; sourceTree = "<group>"; };
		FF0CA394202D43AC00E68078 /* Base */ = {isa = PBXFileReference; lastKnownFileType = file.storyboard; name = Base; path = Base.lproj/Main.storyboard; sourceTree = "<group>"; };
		FF0CA396202D43AC00E68078 /* Assets.xcassets */ = {isa = PBXFileReference; lastKnownFileType = folder.assetcatalog; path = Assets.xcassets; sourceTree = "<group>"; };
		FF0CA399202D43AC00E68078 /* Base */ = {isa = PBXFileReference; lastKnownFileType = file.storyboard; name = Base; path = Base.lproj/LaunchScreen.storyboard; sourceTree = "<group>"; };
		FF0CA39B202D43AC00E68078 /* Info.plist */ = {isa = PBXFileReference; lastKnownFileType = text.plist.xml; path = Info.plist; sourceTree = "<group>"; };
		FF0CA3A0202D43AC00E68078 /* XevoTests.xctest */ = {isa = PBXFileReference; explicitFileType = wrapper.cfbundle; includeInIndex = 0; path = XevoTests.xctest; sourceTree = BUILT_PRODUCTS_DIR; };
		FF0CA3A4202D43AC00E68078 /* XevoTests.swift */ = {isa = PBXFileReference; lastKnownFileType = sourcecode.swift; path = XevoTests.swift; sourceTree = "<group>"; };
		FF0CA3A6202D43AC00E68078 /* Info.plist */ = {isa = PBXFileReference; lastKnownFileType = text.plist.xml; path = Info.plist; sourceTree = "<group>"; };
		FF0CA3AB202D43AC00E68078 /* XevoUITests.xctest */ = {isa = PBXFileReference; explicitFileType = wrapper.cfbundle; includeInIndex = 0; path = XevoUITests.xctest; sourceTree = BUILT_PRODUCTS_DIR; };
		FF0CA3AF202D43AC00E68078 /* XevoUITests.swift */ = {isa = PBXFileReference; lastKnownFileType = sourcecode.swift; path = XevoUITests.swift; sourceTree = "<group>"; };
		FF0CA3B1202D43AC00E68078 /* Info.plist */ = {isa = PBXFileReference; lastKnownFileType = text.plist.xml; path = Info.plist; sourceTree = "<group>"; };
		FF0CA3BD202D47F300E68078 /* Storyboard.storyboard */ = {isa = PBXFileReference; lastKnownFileType = file.storyboard; path = Storyboard.storyboard; sourceTree = "<group>"; };
		FF0CA3C0202D4BA500E68078 /* Xevo 'X'.png */ = {isa = PBXFileReference; lastKnownFileType = image.png; path = "Xevo 'X'.png"; sourceTree = SOURCE_ROOT; };
		FF0CA3C2202E336800E68078 /* facebook_icon_1429814747.png */ = {isa = PBXFileReference; lastKnownFileType = image.png; path = facebook_icon_1429814747.png; sourceTree = "<group>"; };
		FF0CA3C7202E384F00E68078 /* FBSDKCoreKit.framework */ = {isa = PBXFileReference; lastKnownFileType = wrapper.framework; path = FBSDKCoreKit.framework; sourceTree = "<group>"; };
		FF0CA3C9202E385A00E68078 /* FBSDKLoginKit.framework */ = {isa = PBXFileReference; lastKnownFileType = wrapper.framework; path = FBSDKLoginKit.framework; sourceTree = "<group>"; };
		FF0CA3CB202E39C200E68078 /* Default-568h@2x.png */ = {isa = PBXFileReference; lastKnownFileType = image.png; path = "Default-568h@2x.png"; sourceTree = "<group>"; };
/* End PBXFileReference section */

/* Begin PBXFrameworksBuildPhase section */
		FF0CA387202D43AC00E68078 /* Frameworks */ = {
			isa = PBXFrameworksBuildPhase;
			buildActionMask = 2147483647;
			files = (
				FF0CA3C8202E384F00E68078 /* FBSDKCoreKit.framework in Frameworks */,
				FF0CA3CA202E385A00E68078 /* FBSDKLoginKit.framework in Frameworks */,
				BEC95D1D9ADF6DEB4CB5C7AB /* Pods_Xevo.framework in Frameworks */,
			);
			runOnlyForDeploymentPostprocessing = 0;
		};
		FF0CA39D202D43AC00E68078 /* Frameworks */ = {
			isa = PBXFrameworksBuildPhase;
			buildActionMask = 2147483647;
			files = (
				F79B0D678F8FA0FA265BCD8D /* Pods_XevoTests.framework in Frameworks */,
			);
			runOnlyForDeploymentPostprocessing = 0;
		};
		FF0CA3A8202D43AC00E68078 /* Frameworks */ = {
			isa = PBXFrameworksBuildPhase;
			buildActionMask = 2147483647;
			files = (
				35D81FD4FD4D0E61FEE8363E /* Pods_XevoUITests.framework in Frameworks */,
			);
			runOnlyForDeploymentPostprocessing = 0;
		};
/* End PBXFrameworksBuildPhase section */

/* Begin PBXGroup section */
		37C281121C3E11F220E1038F /* Pods */ = {
			isa = PBXGroup;
			children = (
				1C7616B6BB0C9911819FD3AE /* Pods-Xevo.debug.xcconfig */,
				046C45488F13E724FBEEAD49 /* Pods-Xevo.release.xcconfig */,
				71E953C4BABE2ED8EAF5CFE3 /* Pods-XevoTests.debug.xcconfig */,
				6DEE37FF1E9DC47F80CCDF5D /* Pods-XevoTests.release.xcconfig */,
				6AB7EF36C7EE8FFEB0692A85 /* Pods-XevoUITests.debug.xcconfig */,
				C341369C7732F7D47C6E7605 /* Pods-XevoUITests.release.xcconfig */,
			);
			name = Pods;
			sourceTree = "<group>";
		};
		FF0CA381202D43AB00E68078 = {
			isa = PBXGroup;
			children = (
				FF0CA3CB202E39C200E68078 /* Default-568h@2x.png */,
				FF0CA3C4202E382000E68078 /* Frameworks */,
				FF0CA3BD202D47F300E68078 /* Storyboard.storyboard */,
				FF0CA38C202D43AC00E68078 /* Xevo */,
				FF0CA3A3202D43AC00E68078 /* XevoTests */,
				FF0CA3AE202D43AC00E68078 /* XevoUITests */,
				FF0CA38B202D43AC00E68078 /* Products */,
				37C281121C3E11F220E1038F /* Pods */,
			);
			sourceTree = "<group>";
		};
		FF0CA38B202D43AC00E68078 /* Products */ = {
			isa = PBXGroup;
			children = (
				FF0CA38A202D43AC00E68078 /* Xevo.app */,
				FF0CA3A0202D43AC00E68078 /* XevoTests.xctest */,
				FF0CA3AB202D43AC00E68078 /* XevoUITests.xctest */,
			);
			name = Products;
			sourceTree = "<group>";
		};
		FF0CA38C202D43AC00E68078 /* Xevo */ = {
			isa = PBXGroup;
			children = (
				FF0CA38D202D43AC00E68078 /* AppDelegate.swift */,
				FF0CA38F202D43AC00E68078 /* MasterViewController.swift */,
				FF0CA391202D43AC00E68078 /* DetailViewController.swift */,
				FF0CA393202D43AC00E68078 /* Main.storyboard */,
				FF0CA396202D43AC00E68078 /* Assets.xcassets */,
				FF0CA398202D43AC00E68078 /* LaunchScreen.storyboard */,
				FF0CA3C0202D4BA500E68078 /* Xevo 'X'.png */,
				FF0CA3C2202E336800E68078 /* facebook_icon_1429814747.png */,
				FF0CA39B202D43AC00E68078 /* Info.plist */,
				4937B859204DF35500642607 /* GoogleService-Info.plist */,
			);
			path = Xevo;
			sourceTree = "<group>";
		};
		FF0CA3A3202D43AC00E68078 /* XevoTests */ = {
			isa = PBXGroup;
			children = (
				FF0CA3A4202D43AC00E68078 /* XevoTests.swift */,
				FF0CA3A6202D43AC00E68078 /* Info.plist */,
			);
			path = XevoTests;
			sourceTree = "<group>";
		};
		FF0CA3AE202D43AC00E68078 /* XevoUITests */ = {
			isa = PBXGroup;
			children = (
				FF0CA3AF202D43AC00E68078 /* XevoUITests.swift */,
				FF0CA3B1202D43AC00E68078 /* Info.plist */,
			);
			path = XevoUITests;
			sourceTree = "<group>";
		};
		FF0CA3C4202E382000E68078 /* Frameworks */ = {
			isa = PBXGroup;
			children = (
				FF0CA3C9202E385A00E68078 /* FBSDKLoginKit.framework */,
				FF0CA3C7202E384F00E68078 /* FBSDKCoreKit.framework */,
				EFDFCF8DDBD9283569B0A12C /* Pods_Xevo.framework */,
				E83F13B891CB64919B426DE0 /* Pods_XevoTests.framework */,
				47D929EE7A235F2B75F26E54 /* Pods_XevoUITests.framework */,
			);
			path = Frameworks;
			sourceTree = "<group>";
		};
/* End PBXGroup section */

/* Begin PBXNativeTarget section */
		FF0CA389202D43AC00E68078 /* Xevo */ = {
			isa = PBXNativeTarget;
			buildConfigurationList = FF0CA3B4202D43AC00E68078 /* Build configuration list for PBXNativeTarget "Xevo" */;
			buildPhases = (
				53AE74D737E657B044B2F0C3 /* [CP] Check Pods Manifest.lock */,
				FF0CA386202D43AC00E68078 /* Sources */,
				FF0CA387202D43AC00E68078 /* Frameworks */,
				FF0CA388202D43AC00E68078 /* Resources */,
				51BBAD6F4018169176CB39B9 /* [CP] Embed Pods Frameworks */,
				B92063671081A04FCC3E3A69 /* [CP] Copy Pods Resources */,
			);
			buildRules = (
			);
			dependencies = (
			);
			name = Xevo;
			productName = Xevo;
			productReference = FF0CA38A202D43AC00E68078 /* Xevo.app */;
			productType = "com.apple.product-type.application";
		};
		FF0CA39F202D43AC00E68078 /* XevoTests */ = {
			isa = PBXNativeTarget;
			buildConfigurationList = FF0CA3B7202D43AC00E68078 /* Build configuration list for PBXNativeTarget "XevoTests" */;
			buildPhases = (
				9469FD5F7C1A9CA973AFE719 /* [CP] Check Pods Manifest.lock */,
				FF0CA39C202D43AC00E68078 /* Sources */,
				FF0CA39D202D43AC00E68078 /* Frameworks */,
				FF0CA39E202D43AC00E68078 /* Resources */,
				2C07F2497B8588A1FFA97D1E /* [CP] Embed Pods Frameworks */,
				E2CC463D9709941D9B9557D3 /* [CP] Copy Pods Resources */,
			);
			buildRules = (
			);
			dependencies = (
				FF0CA3A2202D43AC00E68078 /* PBXTargetDependency */,
			);
			name = XevoTests;
			productName = XevoTests;
			productReference = FF0CA3A0202D43AC00E68078 /* XevoTests.xctest */;
			productType = "com.apple.product-type.bundle.unit-test";
		};
		FF0CA3AA202D43AC00E68078 /* XevoUITests */ = {
			isa = PBXNativeTarget;
			buildConfigurationList = FF0CA3BA202D43AC00E68078 /* Build configuration list for PBXNativeTarget "XevoUITests" */;
			buildPhases = (
				B83159DAE41DEA040A8E8209 /* [CP] Check Pods Manifest.lock */,
				FF0CA3A7202D43AC00E68078 /* Sources */,
				FF0CA3A8202D43AC00E68078 /* Frameworks */,
				FF0CA3A9202D43AC00E68078 /* Resources */,
				226BAA462C9E72ECB3D06DB7 /* [CP] Embed Pods Frameworks */,
				47B56275922A3DDE0A5DD5B6 /* [CP] Copy Pods Resources */,
			);
			buildRules = (
			);
			dependencies = (
				FF0CA3AD202D43AC00E68078 /* PBXTargetDependency */,
			);
			name = XevoUITests;
			productName = XevoUITests;
			productReference = FF0CA3AB202D43AC00E68078 /* XevoUITests.xctest */;
			productType = "com.apple.product-type.bundle.ui-testing";
		};
/* End PBXNativeTarget section */

/* Begin PBXProject section */
		FF0CA382202D43AC00E68078 /* Project object */ = {
			isa = PBXProject;
			attributes = {
				LastSwiftUpdateCheck = 0920;
				LastUpgradeCheck = 0920;
				ORGANIZATIONNAME = "Ashrita Raman";
				TargetAttributes = {
					FF0CA389202D43AC00E68078 = {
						CreatedOnToolsVersion = 9.2;
						ProvisioningStyle = Automatic;
					};
					FF0CA39F202D43AC00E68078 = {
						CreatedOnToolsVersion = 9.2;
						ProvisioningStyle = Automatic;
						TestTargetID = FF0CA389202D43AC00E68078;
					};
					FF0CA3AA202D43AC00E68078 = {
						CreatedOnToolsVersion = 9.2;
						ProvisioningStyle = Automatic;
						TestTargetID = FF0CA389202D43AC00E68078;
					};
				};
			};
			buildConfigurationList = FF0CA385202D43AC00E68078 /* Build configuration list for PBXProject "Xevo" */;
			compatibilityVersion = "Xcode 8.0";
			developmentRegion = en;
			hasScannedForEncodings = 0;
			knownRegions = (
				en,
				Base,
			);
			mainGroup = FF0CA381202D43AB00E68078;
			productRefGroup = FF0CA38B202D43AC00E68078 /* Products */;
			projectDirPath = "";
			projectRoot = "";
			targets = (
				FF0CA389202D43AC00E68078 /* Xevo */,
				FF0CA39F202D43AC00E68078 /* XevoTests */,
				FF0CA3AA202D43AC00E68078 /* XevoUITests */,
			);
		};
/* End PBXProject section */

/* Begin PBXResourcesBuildPhase section */
		FF0CA388202D43AC00E68078 /* Resources */ = {
			isa = PBXResourcesBuildPhase;
			buildActionMask = 2147483647;
			files = (
				FF0CA39A202D43AC00E68078 /* LaunchScreen.storyboard in Resources */,
				4937B85A204DF35600642607 /* GoogleService-Info.plist in Resources */,
				FF0CA3BE202D47F300E68078 /* Storyboard.storyboard in Resources */,
				FF0CA3C1202D4BA500E68078 /* Xevo 'X'.png in Resources */,
				FF0CA3C3202E336800E68078 /* facebook_icon_1429814747.png in Resources */,
				FF0CA397202D43AC00E68078 /* Assets.xcassets in Resources */,
				FF0CA3CC202E39C200E68078 /* Default-568h@2x.png in Resources */,
				FF0CA395202D43AC00E68078 /* Main.storyboard in Resources */,
			);
			runOnlyForDeploymentPostprocessing = 0;
		};
		FF0CA39E202D43AC00E68078 /* Resources */ = {
			isa = PBXResourcesBuildPhase;
			buildActionMask = 2147483647;
			files = (
				4937B85B204DF35600642607 /* GoogleService-Info.plist in Resources */,
			);
			runOnlyForDeploymentPostprocessing = 0;
		};
		FF0CA3A9202D43AC00E68078 /* Resources */ = {
			isa = PBXResourcesBuildPhase;
			buildActionMask = 2147483647;
			files = (
				4937B85C204DF35600642607 /* GoogleService-Info.plist in Resources */,
			);
			runOnlyForDeploymentPostprocessing = 0;
		};
/* End PBXResourcesBuildPhase section */

/* Begin PBXShellScriptBuildPhase section */
		226BAA462C9E72ECB3D06DB7 /* [CP] Embed Pods Frameworks */ = {
			isa = PBXShellScriptBuildPhase;
			buildActionMask = 2147483647;
			files = (
			);
			inputPaths = (
			);
			name = "[CP] Embed Pods Frameworks";
			outputPaths = (
			);
			runOnlyForDeploymentPostprocessing = 0;
			shellPath = /bin/sh;
			shellScript = "\"${SRCROOT}/Pods/Target Support Files/Pods-XevoUITests/Pods-XevoUITests-frameworks.sh\"\n";
			showEnvVarsInLog = 0;
		};
		2C07F2497B8588A1FFA97D1E /* [CP] Embed Pods Frameworks */ = {
			isa = PBXShellScriptBuildPhase;
			buildActionMask = 2147483647;
			files = (
			);
			inputPaths = (
			);
			name = "[CP] Embed Pods Frameworks";
			outputPaths = (
			);
			runOnlyForDeploymentPostprocessing = 0;
			shellPath = /bin/sh;
			shellScript = "\"${SRCROOT}/Pods/Target Support Files/Pods-XevoTests/Pods-XevoTests-frameworks.sh\"\n";
			showEnvVarsInLog = 0;
		};
		47B56275922A3DDE0A5DD5B6 /* [CP] Copy Pods Resources */ = {
			isa = PBXShellScriptBuildPhase;
			buildActionMask = 2147483647;
			files = (
			);
			inputPaths = (
			);
			name = "[CP] Copy Pods Resources";
			outputPaths = (
			);
			runOnlyForDeploymentPostprocessing = 0;
			shellPath = /bin/sh;
			shellScript = "\"${SRCROOT}/Pods/Target Support Files/Pods-XevoUITests/Pods-XevoUITests-resources.sh\"\n";
			showEnvVarsInLog = 0;
		};
		51BBAD6F4018169176CB39B9 /* [CP] Embed Pods Frameworks */ = {
			isa = PBXShellScriptBuildPhase;
			buildActionMask = 2147483647;
			files = (
			);
			inputPaths = (
				"${SRCROOT}/Pods/Target Support Files/Pods-Xevo/Pods-Xevo-frameworks.sh",
				"${BUILT_PRODUCTS_DIR}/Bolts/Bolts.framework",
				"${BUILT_PRODUCTS_DIR}/FBSDKCoreKit/FBSDKCoreKit.framework",
				"${BUILT_PRODUCTS_DIR}/FBSDKLoginKit/FBSDKLoginKit.framework",
				"${BUILT_PRODUCTS_DIR}/FBSDKShareKit/FBSDKShareKit.framework",
				"${BUILT_PRODUCTS_DIR}/FacebookCore/FacebookCore.framework",
				"${BUILT_PRODUCTS_DIR}/FacebookLogin/FacebookLogin.framework",
				"${BUILT_PRODUCTS_DIR}/FacebookShare/FacebookShare.framework",
				"${BUILT_PRODUCTS_DIR}/GTMSessionFetcher/GTMSessionFetcher.framework",
				"${BUILT_PRODUCTS_DIR}/GoogleToolboxForMac/GoogleToolboxForMac.framework",
				"${BUILT_PRODUCTS_DIR}/nanopb/nanopb.framework",
			);
			name = "[CP] Embed Pods Frameworks";
			outputPaths = (
				"${TARGET_BUILD_DIR}/${FRAMEWORKS_FOLDER_PATH}/Bolts.framework",
				"${TARGET_BUILD_DIR}/${FRAMEWORKS_FOLDER_PATH}/FBSDKCoreKit.framework",
				"${TARGET_BUILD_DIR}/${FRAMEWORKS_FOLDER_PATH}/FBSDKLoginKit.framework",
				"${TARGET_BUILD_DIR}/${FRAMEWORKS_FOLDER_PATH}/FBSDKShareKit.framework",
				"${TARGET_BUILD_DIR}/${FRAMEWORKS_FOLDER_PATH}/FacebookCore.framework",
				"${TARGET_BUILD_DIR}/${FRAMEWORKS_FOLDER_PATH}/FacebookLogin.framework",
				"${TARGET_BUILD_DIR}/${FRAMEWORKS_FOLDER_PATH}/FacebookShare.framework",
				"${TARGET_BUILD_DIR}/${FRAMEWORKS_FOLDER_PATH}/GTMSessionFetcher.framework",
				"${TARGET_BUILD_DIR}/${FRAMEWORKS_FOLDER_PATH}/GoogleToolboxForMac.framework",
				"${TARGET_BUILD_DIR}/${FRAMEWORKS_FOLDER_PATH}/nanopb.framework",
			);
			runOnlyForDeploymentPostprocessing = 0;
			shellPath = /bin/sh;
			shellScript = "\"${SRCROOT}/Pods/Target Support Files/Pods-Xevo/Pods-Xevo-frameworks.sh\"\n";
			showEnvVarsInLog = 0;
		};
		53AE74D737E657B044B2F0C3 /* [CP] Check Pods Manifest.lock */ = {
			isa = PBXShellScriptBuildPhase;
			buildActionMask = 2147483647;
			files = (
			);
			inputPaths = (
				"${PODS_PODFILE_DIR_PATH}/Podfile.lock",
				"${PODS_ROOT}/Manifest.lock",
			);
			name = "[CP] Check Pods Manifest.lock";
			outputPaths = (
				"$(DERIVED_FILE_DIR)/Pods-Xevo-checkManifestLockResult.txt",
			);
			runOnlyForDeploymentPostprocessing = 0;
			shellPath = /bin/sh;
			shellScript = "diff \"${PODS_PODFILE_DIR_PATH}/Podfile.lock\" \"${PODS_ROOT}/Manifest.lock\" > /dev/null\nif [ $? != 0 ] ; then\n    # print error to STDERR\n    echo \"error: The sandbox is not in sync with the Podfile.lock. Run 'pod install' or update your CocoaPods installation.\" >&2\n    exit 1\nfi\n# This output is used by Xcode 'outputs' to avoid re-running this script phase.\necho \"SUCCESS\" > \"${SCRIPT_OUTPUT_FILE_0}\"\n";
			showEnvVarsInLog = 0;
		};
		9469FD5F7C1A9CA973AFE719 /* [CP] Check Pods Manifest.lock */ = {
			isa = PBXShellScriptBuildPhase;
			buildActionMask = 2147483647;
			files = (
			);
			inputPaths = (
				"${PODS_PODFILE_DIR_PATH}/Podfile.lock",
				"${PODS_ROOT}/Manifest.lock",
			);
			name = "[CP] Check Pods Manifest.lock";
			outputPaths = (
				"$(DERIVED_FILE_DIR)/Pods-XevoTests-checkManifestLockResult.txt",
			);
			runOnlyForDeploymentPostprocessing = 0;
			shellPath = /bin/sh;
			shellScript = "diff \"${PODS_PODFILE_DIR_PATH}/Podfile.lock\" \"${PODS_ROOT}/Manifest.lock\" > /dev/null\nif [ $? != 0 ] ; then\n    # print error to STDERR\n    echo \"error: The sandbox is not in sync with the Podfile.lock. Run 'pod install' or update your CocoaPods installation.\" >&2\n    exit 1\nfi\n# This output is used by Xcode 'outputs' to avoid re-running this script phase.\necho \"SUCCESS\" > \"${SCRIPT_OUTPUT_FILE_0}\"\n";
			showEnvVarsInLog = 0;
		};
		B83159DAE41DEA040A8E8209 /* [CP] Check Pods Manifest.lock */ = {
			isa = PBXShellScriptBuildPhase;
			buildActionMask = 2147483647;
			files = (
			);
			inputPaths = (
				"${PODS_PODFILE_DIR_PATH}/Podfile.lock",
				"${PODS_ROOT}/Manifest.lock",
			);
			name = "[CP] Check Pods Manifest.lock";
			outputPaths = (
				"$(DERIVED_FILE_DIR)/Pods-XevoUITests-checkManifestLockResult.txt",
			);
			runOnlyForDeploymentPostprocessing = 0;
			shellPath = /bin/sh;
			shellScript = "diff \"${PODS_PODFILE_DIR_PATH}/Podfile.lock\" \"${PODS_ROOT}/Manifest.lock\" > /dev/null\nif [ $? != 0 ] ; then\n    # print error to STDERR\n    echo \"error: The sandbox is not in sync with the Podfile.lock. Run 'pod install' or update your CocoaPods installation.\" >&2\n    exit 1\nfi\n# This output is used by Xcode 'outputs' to avoid re-running this script phase.\necho \"SUCCESS\" > \"${SCRIPT_OUTPUT_FILE_0}\"\n";
			showEnvVarsInLog = 0;
		};
		B92063671081A04FCC3E3A69 /* [CP] Copy Pods Resources */ = {
			isa = PBXShellScriptBuildPhase;
			buildActionMask = 2147483647;
			files = (
			);
			inputPaths = (
			);
			name = "[CP] Copy Pods Resources";
			outputPaths = (
			);
			runOnlyForDeploymentPostprocessing = 0;
			shellPath = /bin/sh;
			shellScript = "\"${SRCROOT}/Pods/Target Support Files/Pods-Xevo/Pods-Xevo-resources.sh\"\n";
			showEnvVarsInLog = 0;
		};
		E2CC463D9709941D9B9557D3 /* [CP] Copy Pods Resources */ = {
			isa = PBXShellScriptBuildPhase;
			buildActionMask = 2147483647;
			files = (
			);
			inputPaths = (
			);
			name = "[CP] Copy Pods Resources";
			outputPaths = (
			);
			runOnlyForDeploymentPostprocessing = 0;
			shellPath = /bin/sh;
			shellScript = "\"${SRCROOT}/Pods/Target Support Files/Pods-XevoTests/Pods-XevoTests-resources.sh\"\n";
			showEnvVarsInLog = 0;
		};
/* End PBXShellScriptBuildPhase section */

/* Begin PBXSourcesBuildPhase section */
		FF0CA386202D43AC00E68078 /* Sources */ = {
			isa = PBXSourcesBuildPhase;
			buildActionMask = 2147483647;
			files = (
				FF0CA392202D43AC00E68078 /* DetailViewController.swift in Sources */,
				FF0CA390202D43AC00E68078 /* MasterViewController.swift in Sources */,
				FF0CA38E202D43AC00E68078 /* AppDelegate.swift in Sources */,
			);
			runOnlyForDeploymentPostprocessing = 0;
		};
		FF0CA39C202D43AC00E68078 /* Sources */ = {
			isa = PBXSourcesBuildPhase;
			buildActionMask = 2147483647;
			files = (
				FF0CA3A5202D43AC00E68078 /* XevoTests.swift in Sources */,
			);
			runOnlyForDeploymentPostprocessing = 0;
		};
		FF0CA3A7202D43AC00E68078 /* Sources */ = {
			isa = PBXSourcesBuildPhase;
			buildActionMask = 2147483647;
			files = (
				FF0CA3B0202D43AC00E68078 /* XevoUITests.swift in Sources */,
			);
			runOnlyForDeploymentPostprocessing = 0;
		};
/* End PBXSourcesBuildPhase section */

/* Begin PBXTargetDependency section */
		FF0CA3A2202D43AC00E68078 /* PBXTargetDependency */ = {
			isa = PBXTargetDependency;
			target = FF0CA389202D43AC00E68078 /* Xevo */;
			targetProxy = FF0CA3A1202D43AC00E68078 /* PBXContainerItemProxy */;
		};
		FF0CA3AD202D43AC00E68078 /* PBXTargetDependency */ = {
			isa = PBXTargetDependency;
			target = FF0CA389202D43AC00E68078 /* Xevo */;
			targetProxy = FF0CA3AC202D43AC00E68078 /* PBXContainerItemProxy */;
		};
/* End PBXTargetDependency section */

/* Begin PBXVariantGroup section */
		FF0CA393202D43AC00E68078 /* Main.storyboard */ = {
			isa = PBXVariantGroup;
			children = (
				FF0CA394202D43AC00E68078 /* Base */,
			);
			name = Main.storyboard;
			sourceTree = "<group>";
		};
		FF0CA398202D43AC00E68078 /* LaunchScreen.storyboard */ = {
			isa = PBXVariantGroup;
			children = (
				FF0CA399202D43AC00E68078 /* Base */,
			);
			name = LaunchScreen.storyboard;
			sourceTree = "<group>";
		};
/* End PBXVariantGroup section */

/* Begin XCBuildConfiguration section */
		FF0CA3B2202D43AC00E68078 /* Debug */ = {
			isa = XCBuildConfiguration;
			buildSettings = {
				ALWAYS_SEARCH_USER_PATHS = NO;
				CLANG_ANALYZER_NONNULL = YES;
				CLANG_ANALYZER_NUMBER_OBJECT_CONVERSION = YES_AGGRESSIVE;
				CLANG_CXX_LANGUAGE_STANDARD = "gnu++14";
				CLANG_CXX_LIBRARY = "libc++";
				CLANG_ENABLE_MODULES = YES;
				CLANG_ENABLE_OBJC_ARC = YES;
				CLANG_WARN_BLOCK_CAPTURE_AUTORELEASING = YES;
				CLANG_WARN_BOOL_CONVERSION = YES;
				CLANG_WARN_COMMA = YES;
				CLANG_WARN_CONSTANT_CONVERSION = YES;
				CLANG_WARN_DIRECT_OBJC_ISA_USAGE = YES_ERROR;
				CLANG_WARN_DOCUMENTATION_COMMENTS = YES;
				CLANG_WARN_EMPTY_BODY = YES;
				CLANG_WARN_ENUM_CONVERSION = YES;
				CLANG_WARN_INFINITE_RECURSION = YES;
				CLANG_WARN_INT_CONVERSION = YES;
				CLANG_WARN_NON_LITERAL_NULL_CONVERSION = YES;
				CLANG_WARN_OBJC_LITERAL_CONVERSION = YES;
				CLANG_WARN_OBJC_ROOT_CLASS = YES_ERROR;
				CLANG_WARN_RANGE_LOOP_ANALYSIS = YES;
				CLANG_WARN_STRICT_PROTOTYPES = YES;
				CLANG_WARN_SUSPICIOUS_MOVE = YES;
				CLANG_WARN_UNGUARDED_AVAILABILITY = YES_AGGRESSIVE;
				CLANG_WARN_UNREACHABLE_CODE = YES;
				CLANG_WARN__DUPLICATE_METHOD_MATCH = YES;
				CODE_SIGN_IDENTITY = "iPhone Developer";
				COPY_PHASE_STRIP = NO;
				DEBUG_INFORMATION_FORMAT = dwarf;
				ENABLE_STRICT_OBJC_MSGSEND = YES;
				ENABLE_TESTABILITY = YES;
				GCC_C_LANGUAGE_STANDARD = gnu11;
				GCC_DYNAMIC_NO_PIC = NO;
				GCC_NO_COMMON_BLOCKS = YES;
				GCC_OPTIMIZATION_LEVEL = 0;
				GCC_PREPROCESSOR_DEFINITIONS = (
					"DEBUG=1",
					"$(inherited)",
				);
				GCC_WARN_64_TO_32_BIT_CONVERSION = YES;
				GCC_WARN_ABOUT_RETURN_TYPE = YES_ERROR;
				GCC_WARN_UNDECLARED_SELECTOR = YES;
				GCC_WARN_UNINITIALIZED_AUTOS = YES_AGGRESSIVE;
				GCC_WARN_UNUSED_FUNCTION = YES;
				GCC_WARN_UNUSED_VARIABLE = YES;
				IPHONEOS_DEPLOYMENT_TARGET = 11.2;
				MTL_ENABLE_DEBUG_INFO = YES;
				ONLY_ACTIVE_ARCH = YES;
				SDKROOT = iphoneos;
				SWIFT_ACTIVE_COMPILATION_CONDITIONS = DEBUG;
				SWIFT_OPTIMIZATION_LEVEL = "-Onone";
			};
			name = Debug;
		};
		FF0CA3B3202D43AC00E68078 /* Release */ = {
			isa = XCBuildConfiguration;
			buildSettings = {
				ALWAYS_SEARCH_USER_PATHS = NO;
				CLANG_ANALYZER_NONNULL = YES;
				CLANG_ANALYZER_NUMBER_OBJECT_CONVERSION = YES_AGGRESSIVE;
				CLANG_CXX_LANGUAGE_STANDARD = "gnu++14";
				CLANG_CXX_LIBRARY = "libc++";
				CLANG_ENABLE_MODULES = YES;
				CLANG_ENABLE_OBJC_ARC = YES;
				CLANG_WARN_BLOCK_CAPTURE_AUTORELEASING = YES;
				CLANG_WARN_BOOL_CONVERSION = YES;
				CLANG_WARN_COMMA = YES;
				CLANG_WARN_CONSTANT_CONVERSION = YES;
				CLANG_WARN_DIRECT_OBJC_ISA_USAGE = YES_ERROR;
				CLANG_WARN_DOCUMENTATION_COMMENTS = YES;
				CLANG_WARN_EMPTY_BODY = YES;
				CLANG_WARN_ENUM_CONVERSION = YES;
				CLANG_WARN_INFINITE_RECURSION = YES;
				CLANG_WARN_INT_CONVERSION = YES;
				CLANG_WARN_NON_LITERAL_NULL_CONVERSION = YES;
				CLANG_WARN_OBJC_LITERAL_CONVERSION = YES;
				CLANG_WARN_OBJC_ROOT_CLASS = YES_ERROR;
				CLANG_WARN_RANGE_LOOP_ANALYSIS = YES;
				CLANG_WARN_STRICT_PROTOTYPES = YES;
				CLANG_WARN_SUSPICIOUS_MOVE = YES;
				CLANG_WARN_UNGUARDED_AVAILABILITY = YES_AGGRESSIVE;
				CLANG_WARN_UNREACHABLE_CODE = YES;
				CLANG_WARN__DUPLICATE_METHOD_MATCH = YES;
				CODE_SIGN_IDENTITY = "iPhone Developer";
				COPY_PHASE_STRIP = NO;
				DEBUG_INFORMATION_FORMAT = "dwarf-with-dsym";
				ENABLE_NS_ASSERTIONS = NO;
				ENABLE_STRICT_OBJC_MSGSEND = YES;
				GCC_C_LANGUAGE_STANDARD = gnu11;
				GCC_NO_COMMON_BLOCKS = YES;
				GCC_WARN_64_TO_32_BIT_CONVERSION = YES;
				GCC_WARN_ABOUT_RETURN_TYPE = YES_ERROR;
				GCC_WARN_UNDECLARED_SELECTOR = YES;
				GCC_WARN_UNINITIALIZED_AUTOS = YES_AGGRESSIVE;
				GCC_WARN_UNUSED_FUNCTION = YES;
				GCC_WARN_UNUSED_VARIABLE = YES;
				IPHONEOS_DEPLOYMENT_TARGET = 11.2;
				MTL_ENABLE_DEBUG_INFO = NO;
				SDKROOT = iphoneos;
				SWIFT_OPTIMIZATION_LEVEL = "-Owholemodule";
				VALIDATE_PRODUCT = YES;
			};
			name = Release;
		};
		FF0CA3B5202D43AC00E68078 /* Debug */ = {
			isa = XCBuildConfiguration;
			baseConfigurationReference = 1C7616B6BB0C9911819FD3AE /* Pods-Xevo.debug.xcconfig */;
			buildSettings = {
				ASSETCATALOG_COMPILER_APPICON_NAME = AppIcon;
				CODE_SIGN_STYLE = Automatic;
				FRAMEWORK_SEARCH_PATHS = (
					"$(inherited)",
					"$(PROJECT_DIR)/Frameworks",
				);
				INFOPLIST_FILE = Xevo/Info.plist;
				LD_RUNPATH_SEARCH_PATHS = "$(inherited) @executable_path/Frameworks";
				PRODUCT_BUNDLE_IDENTIFIER = com.example.Xevo;
				PRODUCT_NAME = "$(TARGET_NAME)";
				SWIFT_VERSION = 4.0;
				TARGETED_DEVICE_FAMILY = "1,2";
			};
			name = Debug;
		};
		FF0CA3B6202D43AC00E68078 /* Release */ = {
			isa = XCBuildConfiguration;
			baseConfigurationReference = 046C45488F13E724FBEEAD49 /* Pods-Xevo.release.xcconfig */;
			buildSettings = {
				ASSETCATALOG_COMPILER_APPICON_NAME = AppIcon;
				CODE_SIGN_STYLE = Automatic;
				FRAMEWORK_SEARCH_PATHS = (
					"$(inherited)",
					"$(PROJECT_DIR)/Frameworks",
				);
				INFOPLIST_FILE = Xevo/Info.plist;
				LD_RUNPATH_SEARCH_PATHS = "$(inherited) @executable_path/Frameworks";
				PRODUCT_BUNDLE_IDENTIFIER = com.example.Xevo;
				PRODUCT_NAME = "$(TARGET_NAME)";
				SWIFT_VERSION = 4.0;
				TARGETED_DEVICE_FAMILY = "1,2";
			};
			name = Release;
		};
		FF0CA3B8202D43AC00E68078 /* Debug */ = {
			isa = XCBuildConfiguration;
			baseConfigurationReference = 71E953C4BABE2ED8EAF5CFE3 /* Pods-XevoTests.debug.xcconfig */;
			buildSettings = {
				ALWAYS_EMBED_SWIFT_STANDARD_LIBRARIES = YES;
				BUNDLE_LOADER = "$(TEST_HOST)";
				CODE_SIGN_STYLE = Automatic;
				INFOPLIST_FILE = XevoTests/Info.plist;
				LD_RUNPATH_SEARCH_PATHS = "$(inherited) @executable_path/Frameworks @loader_path/Frameworks";
				PRODUCT_BUNDLE_IDENTIFIER = com.example.XevoTests;
				PRODUCT_NAME = "$(TARGET_NAME)";
				SWIFT_VERSION = 4.0;
				TARGETED_DEVICE_FAMILY = "1,2";
				TEST_HOST = "$(BUILT_PRODUCTS_DIR)/Xevo.app/Xevo";
			};
			name = Debug;
		};
		FF0CA3B9202D43AC00E68078 /* Release */ = {
			isa = XCBuildConfiguration;
			baseConfigurationReference = 6DEE37FF1E9DC47F80CCDF5D /* Pods-XevoTests.release.xcconfig */;
			buildSettings = {
				ALWAYS_EMBED_SWIFT_STANDARD_LIBRARIES = YES;
				BUNDLE_LOADER = "$(TEST_HOST)";
				CODE_SIGN_STYLE = Automatic;
				INFOPLIST_FILE = XevoTests/Info.plist;
				LD_RUNPATH_SEARCH_PATHS = "$(inherited) @executable_path/Frameworks @loader_path/Frameworks";
				PRODUCT_BUNDLE_IDENTIFIER = com.example.XevoTests;
				PRODUCT_NAME = "$(TARGET_NAME)";
				SWIFT_VERSION = 4.0;
				TARGETED_DEVICE_FAMILY = "1,2";
				TEST_HOST = "$(BUILT_PRODUCTS_DIR)/Xevo.app/Xevo";
			};
			name = Release;
		};
		FF0CA3BB202D43AC00E68078 /* Debug */ = {
			isa = XCBuildConfiguration;
			baseConfigurationReference = 6AB7EF36C7EE8FFEB0692A85 /* Pods-XevoUITests.debug.xcconfig */;
			buildSettings = {
				ALWAYS_EMBED_SWIFT_STANDARD_LIBRARIES = YES;
				CODE_SIGN_STYLE = Automatic;
				INFOPLIST_FILE = XevoUITests/Info.plist;
				LD_RUNPATH_SEARCH_PATHS = "$(inherited) @executable_path/Frameworks @loader_path/Frameworks";
				PRODUCT_BUNDLE_IDENTIFIER = com.example.XevoUITests;
				PRODUCT_NAME = "$(TARGET_NAME)";
				SWIFT_VERSION = 4.0;
				TARGETED_DEVICE_FAMILY = "1,2";
				TEST_TARGET_NAME = Xevo;
			};
			name = Debug;
		};
		FF0CA3BC202D43AC00E68078 /* Release */ = {
			isa = XCBuildConfiguration;
			baseConfigurationReference = C341369C7732F7D47C6E7605 /* Pods-XevoUITests.release.xcconfig */;
			buildSettings = {
				ALWAYS_EMBED_SWIFT_STANDARD_LIBRARIES = YES;
				CODE_SIGN_STYLE = Automatic;
				INFOPLIST_FILE = XevoUITests/Info.plist;
				LD_RUNPATH_SEARCH_PATHS = "$(inherited) @executable_path/Frameworks @loader_path/Frameworks";
				PRODUCT_BUNDLE_IDENTIFIER = com.example.XevoUITests;
				PRODUCT_NAME = "$(TARGET_NAME)";
				SWIFT_VERSION = 4.0;
				TARGETED_DEVICE_FAMILY = "1,2";
				TEST_TARGET_NAME = Xevo;
			};
			name = Release;
		};
/* End XCBuildConfiguration section */

/* Begin XCConfigurationList section */
		FF0CA385202D43AC00E68078 /* Build configuration list for PBXProject "Xevo" */ = {
			isa = XCConfigurationList;
			buildConfigurations = (
				FF0CA3B2202D43AC00E68078 /* Debug */,
				FF0CA3B3202D43AC00E68078 /* Release */,
			);
			defaultConfigurationIsVisible = 0;
			defaultConfigurationName = Release;
		};
		FF0CA3B4202D43AC00E68078 /* Build configuration list for PBXNativeTarget "Xevo" */ = {
			isa = XCConfigurationList;
			buildConfigurations = (
				FF0CA3B5202D43AC00E68078 /* Debug */,
				FF0CA3B6202D43AC00E68078 /* Release */,
			);
			defaultConfigurationIsVisible = 0;
			defaultConfigurationName = Release;
		};
		FF0CA3B7202D43AC00E68078 /* Build configuration list for PBXNativeTarget "XevoTests" */ = {
			isa = XCConfigurationList;
			buildConfigurations = (
				FF0CA3B8202D43AC00E68078 /* Debug */,
				FF0CA3B9202D43AC00E68078 /* Release */,
			);
			defaultConfigurationIsVisible = 0;
			defaultConfigurationName = Release;
		};
		FF0CA3BA202D43AC00E68078 /* Build configuration list for PBXNativeTarget "XevoUITests" */ = {
			isa = XCConfigurationList;
			buildConfigurations = (
				FF0CA3BB202D43AC00E68078 /* Debug */,
				FF0CA3BC202D43AC00E68078 /* Release */,
			);
			defaultConfigurationIsVisible = 0;
			defaultConfigurationName = Release;
		};
/* End XCConfigurationList section */
	};
	rootObject = FF0CA382202D43AC00E68078 /* Project object */;
}
